
Microsoft Visual Studio Solution File, Format Version 12.00
# Visual Studio Version 16
VisualStudioVersion = 16.0.30621.155
MinimumVisualStudioVersion = 10.0.40219.1
Project("{2150E333-8FDC-42A3-9474-1A3956D46DE8}") = "Doc", "Doc", "{8927201D-C100-4267-BFE2-DC3DD36CCE00}"
EndProject
Project("{2150E333-8FDC-42A3-9474-1A3956D46DE8}") = "Src", "Src", "{92FD32B3-531B-4CED-B5A6-8CE0EAE16CCE}"
EndProject
Project("{2150E333-8FDC-42A3-9474-1A3956D46DE8}") = "Test", "Test", "{81D3FB33-20C1-49A2-839A-41298E289984}"
EndProject
Project("{2150E333-8FDC-42A3-9474-1A3956D46DE8}") = "Core", "Core", "{CD28B1DE-801A-4623-958A-41A903EB1AFF}"
EndProject
Project("{2150E333-8FDC-42A3-9474-1A3956D46DE8}") = "Infrastructure", "Infrastructure", "{379FE22E-CE34-4DF6-BC87-AA6C90F01569}"
EndProject
Project("{2150E333-8FDC-42A3-9474-1A3956D46DE8}") = "Presentation", "Presentation", "{3747DD31-D58E-44AA-816C-B901562DEFF3}"
EndProject
Project("{2150E333-8FDC-42A3-9474-1A3956D46DE8}") = "Common", "Common", "{84297CA8-54DF-4BD5-BAA6-C081070F4BF3}"
EndProject
Project("{9A19103F-16F7-4668-BE54-9A1E7A4F7556}") = "eshop.Domain", "eshop.Domain\eshop.Domain.csproj", "{0F99DF11-5E64-4238-81EB-637D31D0D044}"
EndProject
Project("{9A19103F-16F7-4668-BE54-9A1E7A4F7556}") = "eshop.Application", "eshop.Application\eshop.Application.csproj", "{2FC6A00E-9CF5-48C5-A09D-522521A37225}"
EndProject
Project("{9A19103F-16F7-4668-BE54-9A1E7A4F7556}") = "eshop.Infrastructure", "eshop.Infrastructure\eshop.Infrastructure.csproj", "{8D0EBB97-70A1-4657-8A8A-A985E8855366}"
EndProject
Project("{9A19103F-16F7-4668-BE54-9A1E7A4F7556}") = "eshop.Persistence", "eshop.Persistence\eshop.Persistence.csproj", "{AABB5B39-A0A8-4BAF-8009-8049A772D59E}"
EndProject
Project("{9A19103F-16F7-4668-BE54-9A1E7A4F7556}") = "eshop.Common", "eshop.Common\eshop.Common.csproj", "{A2B262A5-69CE-40E8-9558-0E3E552E7E7A}"
EndProject
Project("{FAE04EC0-301F-11D3-BF4B-00C04F79EFBC}") = "EndPoint.Site", "EndPoint.Site\EndPoint.Site.csproj", "{9F4643A1-13D2-469D-8033-5DC6D865066E}"
EndProject
Global
	GlobalSection(SolutionConfigurationPlatforms) = preSolution
		Debug|Any CPU = Debug|Any CPU
		Release|Any CPU = Release|Any CPU
	EndGlobalSection
	GlobalSection(ProjectConfigurationPlatforms) = postSolution
		{0F99DF11-5E64-4238-81EB-637D31D0D044}.Debug|Any CPU.ActiveCfg = Debug|Any CPU
		{0F99DF11-5E64-4238-81EB-637D31D0D044}.Debug|Any CPU.Build.0 = Debug|Any CPU
		{0F99DF11-5E64-4238-81EB-637D31D0D044}.Release|Any CPU.ActiveCfg = Release|Any CPU
		{0F99DF11-5E64-4238-81EB-637D31D0D044}.Release|Any CPU.Build.0 = Release|Any CPU
		{2FC6A00E-9CF5-48C5-A09D-522521A37225}.Debug|Any CPU.ActiveCfg = Debug|Any CPU
		{2FC6A00E-9CF5-48C5-A09D-522521A37225}.Debug|Any CPU.Build.0 = Debug|Any CPU
		{2FC6A00E-9CF5-48C5-A09D-522521A37225}.Release|Any CPU.ActiveCfg = Release|Any CPU
		{2FC6A00E-9CF5-48C5-A09D-522521A37225}.Release|Any CPU.Build.0 = Release|Any CPU
		{8D0EBB97-70A1-4657-8A8A-A985E8855366}.Debug|Any CPU.ActiveCfg = Debug|Any CPU
		{8D0EBB97-70A1-4657-8A8A-A985E8855366}.Debug|Any CPU.Build.0 = Debug|Any CPU
		{8D0EBB97-70A1-4657-8A8A-A985E8855366}.Release|Any CPU.ActiveCfg = Release|Any CPU
		{8D0EBB97-70A1-4657-8A8A-A985E8855366}.Release|Any CPU.Build.0 = Release|Any CPU
		{AABB5B39-A0A8-4BAF-8009-8049A772D59E}.Debug|Any CPU.ActiveCfg = Debug|Any CPU
		{AABB5B39-A0A8-4BAF-8009-8049A772D59E}.Debug|Any CPU.Build.0 = Debug|Any CPU
		{AABB5B39-A0A8-4BAF-8009-8049A772D59E}.Release|Any CPU.ActiveCfg = Release|Any CPU
		{AABB5B39-A0A8-4BAF-8009-8049A772D59E}.Release|Any CPU.Build.0 = Release|Any CPU
		{A2B262A5-69CE-40E8-9558-0E3E552E7E7A}.Debug|Any CPU.ActiveCfg = Debug|Any CPU
		{A2B262A5-69CE-40E8-9558-0E3E552E7E7A}.Debug|Any CPU.Build.0 = Debug|Any CPU
		{A2B262A5-69CE-40E8-9558-0E3E552E7E7A}.Release|Any CPU.ActiveCfg = Release|Any CPU
		{A2B262A5-69CE-40E8-9558-0E3E552E7E7A}.Release|Any CPU.Build.0 = Release|Any CPU
		{9F4643A1-13D2-469D-8033-5DC6D865066E}.Debug|Any CPU.ActiveCfg = Debug|Any CPU
		{9F4643A1-13D2-469D-8033-5DC6D865066E}.Debug|Any CPU.Build.0 = Debug|Any CPU
		{9F4643A1-13D2-469D-8033-5DC6D865066E}.Release|Any CPU.ActiveCfg = Release|Any CPU
		{9F4643A1-13D2-469D-8033-5DC6D865066E}.Release|Any CPU.Build.0 = Release|Any CPU
	EndGlobalSection
	GlobalSection(SolutionProperties) = preSolution
		HideSolutionNode = FALSE
	EndGlobalSection
	GlobalSection(NestedProjects) = preSolution
		{CD28B1DE-801A-4623-958A-41A903EB1AFF} = {92FD32B3-531B-4CED-B5A6-8CE0EAE16CCE}
		{379FE22E-CE34-4DF6-BC87-AA6C90F01569} = {92FD32B3-531B-4CED-B5A6-8CE0EAE16CCE}
		{3747DD31-D58E-44AA-816C-B901562DEFF3} = {92FD32B3-531B-4CED-B5A6-8CE0EAE16CCE}
		{84297CA8-54DF-4BD5-BAA6-C081070F4BF3} = {92FD32B3-531B-4CED-B5A6-8CE0EAE16CCE}
		{0F99DF11-5E64-4238-81EB-637D31D0D044} = {CD28B1DE-801A-4623-958A-41A903EB1AFF}
		{2FC6A00E-9CF5-48C5-A09D-522521A37225} = {CD28B1DE-801A-4623-958A-41A903EB1AFF}
		{8D0EBB97-70A1-4657-8A8A-A985E8855366} = {379FE22E-CE34-4DF6-BC87-AA6C90F01569}
		{AABB5B39-A0A8-4BAF-8009-8049A772D59E} = {379FE22E-CE34-4DF6-BC87-AA6C90F01569}
		{A2B262A5-69CE-40E8-9558-0E3E552E7E7A} = {84297CA8-54DF-4BD5-BAA6-C081070F4BF3}
		{9F4643A1-13D2-469D-8033-5DC6D865066E} = {3747DD31-D58E-44AA-816C-B901562DEFF3}
	EndGlobalSection
	GlobalSection(ExtensibilityGlobals) = postSolution
		SolutionGuid = {7DE930F4-E578-4651-B1AD-62EA99F74A11}
	EndGlobalSection
EndGlobal
